
Microsoft Visual Studio Solution File, Format Version 12.00
# Visual Studio Version 17
VisualStudioVersion = 17.6.33723.286
MinimumVisualStudioVersion = 10.0.40219.1
Project("{9A19103F-16F7-4668-BE54-9A1E7A4F7556}") = "StableIllusion", "StableIllusion\StableIllusion.csproj", "{ABF79E22-73FE-4317-98D4-4CF4FED343DC}"
EndProject
Project("{9A19103F-16F7-4668-BE54-9A1E7A4F7556}") = "StableDiffusion.ML.OnnxRuntime", "StableDiffusion.ML.OnnxRuntime\StableDiffusion.ML.OnnxRuntime.csproj", "{DA9C59E8-0718-4A86-B21D-330926194D5C}"
EndProject
Global
	GlobalSection(SolutionConfigurationPlatforms) = preSolution
		Debug|Any CPU = Debug|Any CPU
		Release|Any CPU = Release|Any CPU
	EndGlobalSection
	GlobalSection(ProjectConfigurationPlatforms) = postSolution
		{ABF79E22-73FE-4317-98D4-4CF4FED343DC}.Debug|Any CPU.ActiveCfg = Debug|Any CPU
		{ABF79E22-73FE-4317-98D4-4CF4FED343DC}.Debug|Any CPU.Build.0 = Debug|Any CPU
		{ABF79E22-73FE-4317-98D4-4CF4FED343DC}.Release|Any CPU.ActiveCfg = Release|Any CPU
		{ABF79E22-73FE-4317-98D4-4CF4FED343DC}.Release|Any CPU.Build.0 = Release|Any CPU
		{DA9C59E8-0718-4A86-B21D-330926194D5C}.Debug|Any CPU.ActiveCfg = Debug|Any CPU
		{DA9C59E8-0718-4A86-B21D-330926194D5C}.Debug|Any CPU.Build.0 = Debug|Any CPU
		{DA9C59E8-0718-4A86-B21D-330926194D5C}.Release|Any CPU.ActiveCfg = Release|Any CPU
		{DA9C59E8-0718-4A86-B21D-330926194D5C}.Release|Any CPU.Build.0 = Release|Any CPU
	EndGlobalSection
	GlobalSection(SolutionProperties) = preSolution
		HideSolutionNode = FALSE
	EndGlobalSection
	GlobalSection(ExtensibilityGlobals) = postSolution
		SolutionGuid = {DF64C902-D8F3-4565-8E0E-BEC8D6DD8B99}
	EndGlobalSection
EndGlobal
